
Microsoft Visual Studio Solution File, Format Version 11.00
# Visual C++ Express 2010
Project("{8BC9CEB8-8B4A-11D0-8D11-00A0C91BC942}") = "baseMinus2Numbers", "baseMinus2Numbers\baseMinus2Numbers.vcxproj", "{60256237-15B6-4F6F-AFBF-3C19F4D19939}"
EndProject
Global
	GlobalSection(SolutionConfigurationPlatforms) = preSolution
		Debug|Win32 = Debug|Win32
		Release|Win32 = Release|Win32
	EndGlobalSection
	GlobalSection(ProjectConfigurationPlatforms) = postSolution
		{60256237-15B6-4F6F-AFBF-3C19F4D19939}.Debug|Win32.ActiveCfg = Debug|Win32
		{60256237-15B6-4F6F-AFBF-3C19F4D19939}.Debug|Win32.Build.0 = Debug|Win32
		{60256237-15B6-4F6F-AFBF-3C19F4D19939}.Release|Win32.ActiveCfg = Release|Win32
		{60256237-15B6-4F6F-AFBF-3C19F4D19939}.Release|Win32.Build.0 = Release|Win32
	EndGlobalSection
	GlobalSection(SolutionProperties) = preSolution
		HideSolutionNode = FALSE
	EndGlobalSection
EndGlobal
