
Microsoft Visual Studio Solution File, Format Version 11.00
# Visual C++ Express 2010
Project("{8BC9CEB8-8B4A-11D0-8D11-00A0C91BC942}") = "minrank", "minrank\minrank.vcxproj", "{763E6107-AEF3-4231-9E53-DDBE62A5BA1B}"
EndProject
Global
	GlobalSection(SolutionConfigurationPlatforms) = preSolution
		Debug|Win32 = Debug|Win32
		Release|Win32 = Release|Win32
	EndGlobalSection
	GlobalSection(ProjectConfigurationPlatforms) = postSolution
		{763E6107-AEF3-4231-9E53-DDBE62A5BA1B}.Debug|Win32.ActiveCfg = Debug|Win32
		{763E6107-AEF3-4231-9E53-DDBE62A5BA1B}.Debug|Win32.Build.0 = Debug|Win32
		{763E6107-AEF3-4231-9E53-DDBE62A5BA1B}.Release|Win32.ActiveCfg = Release|Win32
		{763E6107-AEF3-4231-9E53-DDBE62A5BA1B}.Release|Win32.Build.0 = Release|Win32
	EndGlobalSection
	GlobalSection(SolutionProperties) = preSolution
		HideSolutionNode = FALSE
	EndGlobalSection
EndGlobal
